# This file is automatically @generated by Cargo.
# It is not intended for manual editing.
version = 4

[[package]]
name = "addr2line"
version = "0.24.2"
source = "registry+https://github.com/rust-lang/crates.io-index"
checksum = "dfbe277e56a376000877090da837660b4427aad530e3028d44e0bffe4f89a1c1"
dependencies = [
 "gimli",
]

[[package]]
name = "aho-corasick"
version = "1.1.5"
source = "registry+https://github.com/rust-lang/crates.io-index"
checksum = "c982642fa9e8606056828ee9a8505737230110bb1099153c79efe865c59d12ba"
dependencies = [
 "memchr",
]

[[package]]
name = "aipo-ast"
version = "0.1.0"
dependencies = [
 "aipo-source",
 "serde",
]

[[package]]
name = "aipo-bench"
version = "0.1.0"
dependencies = [
 "aipo-bytecode",
 "aipo-formatter",
 "aipo-hir",
 "aipo-ir",
 "aipo-js",
 "aipo-lexer",
 "aipo-sema",
 "aipo-source",
 "aipo-syntax",
 "aipo-testkit",
 "serde",
 "serde_json",
 "sha2",
]

[[package]]
name = "aipo-bytecode"
version = "0.1.0"
dependencies = [
 "aipo-diagnostics",
 "aipo-hir",
 "aipo-ir",
 "aipo-source",
 "aipo-syntax",
 "aipo-vm",
 "byteorder",
 "serde",
]

[[package]]
name = "aipo-c-abi"
version = "0.1.0"
dependencies = [
 "aipo-bytecode",
 "aipo-diagnostics",
 "aipo-hir",
 "aipo-host",
 "aipo-ir",
 "aipo-runtime",
 "aipo-sema",
 "aipo-source",
 "aipo-stdlib",
 "aipo-syntax",
 "aipo-vm",
]

[[package]]
name = "aipo-cli"
version = "0.1.0"
dependencies = [
 "aipo-bytecode",
 "aipo-diagnostics",
 "aipo-formatter",
 "aipo-hir",
 "aipo-ir",
 "aipo-js",
 "aipo-lexer",
 "aipo-package",
 "aipo-runtime",
 "aipo-sema",
 "aipo-source",
 "aipo-stdlib",
 "aipo-syntax",
 "aipo-testkit",
 "aipo-vm",
 "aipo-wasm",
]

[[package]]
name = "aipo-diagnostics"
version = "0.1.0"
dependencies = [
 "aipo-source",
 "aipo-syntax",
 "serde",
 "serde_json",
]

[[package]]
name = "aipo-formatter"
version = "0.1.0"
dependencies = [
 "aipo-diagnostics",
 "aipo-lexer",
 "aipo-source",
]

[[package]]
name = "aipo-hir"
version = "0.1.0"
dependencies = [
 "aipo-ast",
 "aipo-diagnostics",
 "aipo-source",
 "aipo-syntax",
 "serde",
]

[[package]]
name = "aipo-host"
version = "0.1.0"
dependencies = [
 "aipo-diagnostics",
 "serde",
 "serde_json",
]

[[package]]
name = "aipo-ir"
version = "0.1.0"
dependencies = [
 "aipo-ast",
 "aipo-diagnostics",
 "aipo-hir",
 "aipo-lexer",
 "aipo-sema",
 "aipo-source",
 "aipo-syntax",
 "serde",
]

[[package]]
name = "aipo-js"
version = "0.1.0"
dependencies = [
 "aipo-bytecode",
 "aipo-diagnostics",
 "aipo-hir",
 "aipo-ir",
 "aipo-runtime",
 "aipo-sema",
 "aipo-source",
 "aipo-stdlib",
 "aipo-syntax",
 "aipo-testkit",
 "aipo-vm",
 "serde_json",
]

[[package]]
name = "aipo-lexer"
version = "0.1.0"
dependencies = [
 "aipo-diagnostics",
 "aipo-source",
 "serde",
 "unicode-normalization",
]

[[package]]
name = "aipo-package"
version = "0.1.0"
dependencies = [
 "aipo-host",
 "serde",
 "serde_json",
 "sha2",
 "toml",
 "ureq",
]

[[package]]
name = "aipo-poppy"
version = "0.1.0"
dependencies = [
 "aipo-bytecode",
 "aipo-diagnostics",
 "aipo-hir",
 "aipo-host",
 "aipo-ir",
 "aipo-runtime",
 "aipo-source",
 "aipo-stdlib",
 "aipo-syntax",
 "aipo-vm",
 "serde",
 "serde_json",
]

[[package]]
name = "aipo-runtime"
version = "0.1.0"
dependencies = [
 "aipo-bytecode",
 "aipo-diagnostics",
 "serde",
]

[[package]]
name = "aipo-sema"
version = "0.1.0"
dependencies = [
 "aipo-ast",
 "aipo-diagnostics",
 "aipo-hir",
 "aipo-source",
 "aipo-syntax",
 "serde",
]

[[package]]
name = "aipo-source"
version = "0.1.0"
dependencies = [
 "serde",
]

[[package]]
name = "aipo-stdlib"
version = "0.1.0"
dependencies = [
 "aipo-bytecode",
 "aipo-diagnostics",
 "aipo-host",
 "aipo-runtime",
 "aipo-vm",
 "regex",
 "serde",
 "serde_json",
 "unicode-normalization",
 "unicode-segmentation",
]

[[package]]
name = "aipo-syntax"
version = "0.1.0"
dependencies = [
 "aipo-ast",
 "aipo-diagnostics",
 "aipo-lexer",
 "aipo-source",
 "serde",
]

[[package]]
name = "aipo-testkit"
version = "0.1.0"
dependencies = [
 "aipo-ast",
 "aipo-bytecode",
 "aipo-diagnostics",
 "aipo-hir",
 "aipo-ir",
 "aipo-js",
 "aipo-lexer",
 "aipo-runtime",
 "aipo-sema",
 "aipo-source",
 "aipo-stdlib",
 "aipo-syntax",
 "aipo-vm",
]

[[package]]
name = "aipo-vm"
version = "0.1.0"
dependencies = [
 "aipo-bytecode",
 "aipo-diagnostics",
 "aipo-hir",
 "aipo-host",
 "aipo-ir",
 "aipo-runtime",
 "aipo-source",
 "aipo-stdlib",
 "aipo-syntax",
 "byteorder",
 "serde",
 "unicode-normalization",
]

[[package]]
name = "aipo-wasm"
version = "0.1.0"
dependencies = [
 "aipo-ast",
 "aipo-diagnostics",
 "aipo-hir",
 "aipo-ir",
 "aipo-lexer",
 "aipo-source",
 "aipo-syntax",
 "wasm-encoder 0.258.0",
 "wasmprinter 0.259.0",
 "wasmtime",
]

[[package]]
name = "allocator-api2"
version = "0.2.21"
source = "registry+https://github.com/rust-lang/crates.io-index"
checksum = "683d7910e743518b0e34f1186f92494becacb047c7b6bf616c96772180fef923"

[[package]]
name = "anyhow"
version = "1.0.104"
source = "registry+https://github.com/rust-lang/crates.io-index"
checksum = "330a5ed07fa54e4702c9d6c4174f74427fc0ef6e214bbd677ae50a5099946470"

[[package]]
name = "ar_archive_writer"
version = "0.5.3"
source = "registry+https://github.com/rust-lang/crates.io-index"
checksum = "73cd58deff2140a0a8eae87e417bd01db68a33e148aa93d1e8cd837e55e312b6"
dependencies = [
 "object 0.39.1",
]

[[package]]
name = "arbitrary"
version = "1.4.2"
source = "registry+https://github.com/rust-lang/crates.io-index"
checksum = "c3d036a3c4ab069c7b410a2ce876bd74808d2d0888a82667669f8e783a898bf1"

[[package]]
name = "base64"
version = "0.23.1"
source = "registry+https://github.com/rust-lang/crates.io-index"
checksum = "ac07cdecf99051d9a5238b80f35af32cdeba5b336e55d957b318b50137e18da5"

[[package]]
name = "bitflags"
version = "2.13.2"
source = "registry+https://github.com/rust-lang/crates.io-index"
checksum = "3ded4057c258ba199e2d26386d3af3780957ecaee6c4ef4041c6b4b8b97c0b06"

[[package]]
name = "block-buffer"
version = "0.10.4"
source = "registry+https://github.com/rust-lang/crates.io-index"
checksum = "3078c7629b62d3f0439517fa394996acacc5cbc91c5a20d8c658e77abd503a71"
dependencies = [
 "generic-array",
]

[[package]]
name = "bumpalo"
version = "3.20.3"
source = "registry+https://github.com/rust-lang/crates.io-index"
checksum = "72f5acc6cb2ba439de613abc23857ec3d78374d8ed5ac84e9d11336e87da8649"
dependencies = [
 "allocator-api2",
]

[[package]]
name = "byteorder"
version = "1.5.0"
source = "registry+https://github.com/rust-lang/crates.io-index"
checksum = "1fd0f2584146f6f2ef48085050886acf353beff7305ebd1ae69500e27c67f64b"

[[package]]
name = "bytes"
version = "1.12.1"
source = "registry+https://github.com/rust-lang/crates.io-index"
checksum = "fc652a48c352aef3ea3aed32080501cf3ef6ed5da78602a020c991775b0aff04"

[[package]]
name = "cc"
version = "1.4.7"
source = "registry+https://github.com/rust-lang/crates.io-index"
checksum = "54413ede23c2daf518f35156dfde027feb2374004d63bd497f983c8db9c0e313"
dependencies = [
 "find-msvc-tools",
 "shlex",
]

[[package]]
name = "cfg-if"
version = "1.0.5"
source = "registry+https://github.com/rust-lang/crates.io-index"
checksum = "4e7648175b45a9a48536d676f68d918270699102aa8dab5496df06904c914600"

[[package]]
name = "cobs"
version = "0.3.0"
source = "registry+https://github.com/rust-lang/crates.io-index"
checksum = "0fa961b519f0b462e3a3b4a34b64d119eeaca1d59af726fe450bbba07a9fc0a1"
dependencies = [
 "thiserror",
]

[[package]]
name = "cpufeatures"
version = "0.2.17"
source = "registry+https://github.com/rust-lang/crates.io-index"
checksum = "59ed5838eebb26a2bb2e58f6d5b5316989ae9d08bab10e0e6d103e656d1b0280"
dependencies = [
 "libc",
]

[[package]]
name = "cranelift-assembler-x64"
version = "0.121.2"
source = "registry+https://github.com/rust-lang/crates.io-index"
checksum = "2ce81edaca6167d1f78da026afa92d7ff957a80aa82a79076e11cd34cde20165"
dependencies = [
 "cranelift-assembler-x64-meta",
]

[[package]]
name = "cranelift-assembler-x64-meta"
version = "0.121.2"
source = "registry+https://github.com/rust-lang/crates.io-index"
checksum = "4d0d51e12f958551165969c6e8767e1e461729f6c1ccae923b0ba1d5cbcbbbf8"
dependencies = [
 "cranelift-srcgen",
]

[[package]]
name = "cranelift-bforest"
version = "0.121.2"
source = "registry+https://github.com/rust-lang/crates.io-index"
checksum = "41294c755094d2c8a514cea903039742474423f2e91601332eab5f4094f76333"
dependencies = [
 "cranelift-entity",
]

[[package]]
name = "cranelift-bitset"
version = "0.121.2"
source = "registry+https://github.com/rust-lang/crates.io-index"
checksum = "ebb6f5d0df5bd0d02c63ec48e8f2e38a176b123f59e084f22caf89a0d0593e7e"
dependencies = [
 "serde",
 "serde_derive",
]

[[package]]
name = "cranelift-codegen"
version = "0.121.2"
source = "registry+https://github.com/rust-lang/crates.io-index"
checksum = "e543cdb278b7c15f739021cf880ee1808c68fa2402febb87edb9307f552c8fec"
dependencies = [
 "bumpalo",
 "cranelift-assembler-x64",
 "cranelift-bforest",
 "cranelift-bitset",
 "cranelift-codegen-meta",
 "cranelift-codegen-shared",
 "cranelift-control",
 "cranelift-entity",
 "cranelift-isle",
 "gimli",
 "hashbrown 0.15.5",
 "log",
 "pulley-interpreter",
 "regalloc2",
 "rustc-hash",
 "serde",
 "smallvec",
 "target-lexicon",
 "wasmtime-math",
]

[[package]]
name = "cranelift-codegen-meta"
version = "0.121.2"
source = "registry+https://github.com/rust-lang/crates.io-index"
checksum = "f979c75cfd712dbc754799dfe4a4d0db7a51defc2e36d006b27a8a63e018eece"
dependencies = [
 "cranelift-assembler-x64-meta",
 "cranelift-codegen-shared",
 "cranelift-srcgen",
 "pulley-interpreter",
]

[[package]]
name = "cranelift-codegen-shared"
version = "0.121.2"
source = "registry+https://github.com/rust-lang/crates.io-index"
checksum = "d2f36e74ba4033490587a47952f74390cb7d4f1fc1fa28ace50564e491f1e38f"

[[package]]
name = "cranelift-control"
version = "0.121.2"
source = "registry+https://github.com/rust-lang/crates.io-index"
checksum = "f6671962c7d65b9a7ad038cd92da6784744d8a9ecf8ded8bb9a1f7046dbe2ccf"
dependencies = [
 "arbitrary",
]

[[package]]
name = "cranelift-entity"
version = "0.121.2"
source = "registry+https://github.com/rust-lang/crates.io-index"
checksum = "ee832f8329fa87c5df6c1d64a8506a58031e6f8a190d9b21b1900272a4dbb47d"
dependencies = [
 "cranelift-bitset",
 "serde",
 "serde_derive",
]

[[package]]
name = "cranelift-frontend"
version = "0.121.2"
source = "registry+https://github.com/rust-lang/crates.io-index"
checksum = "4f7bc17aa3277214eab4b63a03544b1b46962154012b751c9f14c2a5419c6471"
dependencies = [
 "cranelift-codegen",
 "log",
 "smallvec",
 "target-lexicon",
]

[[package]]
name = "cranelift-isle"
version = "0.121.2"
source = "registry+https://github.com/rust-lang/crates.io-index"
checksum = "cff02dcecae2e7e9c61b713f1fb46eabecdca9f55b49f99859ceb1a3e7f4a9cb"

[[package]]
name = "cranelift-native"
version = "0.121.2"
source = "registry+https://github.com/rust-lang/crates.io-index"
checksum = "90f76fd681f35bdf17be9c3e516b9acc0c7bd61b81faf95496decd8e0000979c"
dependencies = [
 "cranelift-codegen",
 "libc",
 "target-lexicon",
]

[[package]]
name = "cranelift-srcgen"
version = "0.121.2"
source = "registry+https://github.com/rust-lang/crates.io-index"
checksum = "8c3d9071bc5ee5573e723d9d84a45b7025a29e8f2c5ad81b3b9d0293129541d9"

[[package]]
name = "crc32fast"
version = "1.5.2"
source = "registry+https://github.com/rust-lang/crates.io-index"
checksum = "01a7799fd6b852db0e61728dde9a204c423b44d689dbd432522543614b490e78"
dependencies = [
 "cfg-if",
]

[[package]]
name = "crypto-common"
version = "0.1.7"
source = "registry+https://github.com/rust-lang/crates.io-index"
checksum = "78c8292055d1c1df0cce5d180393dc8cce0abec0a7102adb6c7b1eef6016d60a"
dependencies = [
 "generic-array",
 "typenum",
]

[[package]]
name = "digest"
version = "0.10.7"
source = "registry+https://github.com/rust-lang/crates.io-index"
checksum = "9ed9a281f7bc9b7576e61468ba615a66a5c8cfdff42420a70aa82701a3b1e292"
dependencies = [
 "block-buffer",
 "crypto-common",
]

[[package]]
name = "either"
version = "1.18.0"
source = "registry+https://github.com/rust-lang/crates.io-index"
checksum = "252afb9ae5eaa683babdc6a068b3f5726eb19e05070c731f9b2a23a7c3e8ed34"

[[package]]
name = "embedded-io"
version = "0.4.0"
source = "registry+https://github.com/rust-lang/crates.io-index"
checksum = "ef1a6892d9eef45c8fa6b9e0086428a2cca8491aca8f787c534a3d6d0bcb3ced"

[[package]]
name = "embedded-io"
version = "0.6.1"
source = "registry+https://github.com/rust-lang/crates.io-index"
checksum = "edd0f118536f44f5ccd48bcb8b111bdc3de888b58c74639dfb034a357d0f206d"

[[package]]
name = "equivalent"
version = "1.0.2"
source = "registry+https://github.com/rust-lang/crates.io-index"
checksum = "877a4ace8713b0bcf2a4e7eec82529c029f1d0619886d18145fea96c3ffe5c0f"

[[package]]
name = "errno"
version = "0.3.14"
source = "registry+https://github.com/rust-lang/crates.io-index"
checksum = "39cab71617ae0d63f51a36d69f866391735b51691dbda63cf6f96d042b63efeb"
dependencies = [
 "libc",
 "windows-sys 0.59.0",
]

[[package]]
name = "fallible-iterator"
version = "0.3.0"
source = "registry+https://github.com/rust-lang/crates.io-index"
checksum = "2acce4a10f12dc2fb14a218589d4f1f62ef011b2d0cc4b3cb1bba8e94da14649"

[[package]]
name = "find-msvc-tools"
version = "0.1.13"
source = "registry+https://github.com/rust-lang/crates.io-index"
checksum = "ef25905e51abafe4dcea6c15fec58c57b601cdbd0ee53d22ea1d3016c587d39b"

[[package]]
name = "foldhash"
version = "0.1.5"
source = "registry+https://github.com/rust-lang/crates.io-index"
checksum = "d9c4f5dac5e15c24eb999c26181a6ca40b39fe946cbe4c263c7209467bc83af2"

[[package]]
name = "generic-array"
version = "0.14.7"
source = "registry+https://github.com/rust-lang/crates.io-index"
checksum = "85649ca51fd72272d7821adaf274ad91c288277713d9c18820d8499a7ff69e9a"
dependencies = [
 "typenum",
 "version_check",
]

[[package]]
name = "getrandom"
version = "0.2.17"
source = "registry+https://github.com/rust-lang/crates.io-index"
checksum = "ff2abc00be7fca6ebc474524697ae276ad847ad0a6b3faa4bcb027e9a4614ad0"
dependencies = [
 "cfg-if",
 "libc",
 "wasi",
]

[[package]]
name = "gimli"
version = "0.31.1"
source = "registry+https://github.com/rust-lang/crates.io-index"
checksum = "07e28edb80900c19c28f1072f2e8aeca7fa06b23cd4169cefe1af5aa3260783f"
dependencies = [
 "fallible-iterator",
 "indexmap",
 "stable_deref_trait",
]

[[package]]
name = "hashbrown"
version = "0.15.5"
source = "registry+https://github.com/rust-lang/crates.io-index"
checksum = "9229cfe53dfd69f0609a49f65461bd93001ea1ef889cd5529dd176593f5338a1"
dependencies = [
 "foldhash",
 "serde",
]

[[package]]
name = "hashbrown"
version = "0.17.1"
source = "registry+https://github.com/rust-lang/crates.io-index"
checksum = "ed5909b6e89a2db4456e54cd5f673791d7eca6732202bbf2a9cc504fe2f9b84a"

[[package]]
name = "http"
version = "1.5.0"
source = "registry+https://github.com/rust-lang/crates.io-index"
checksum = "918d3568bebf352712bc2ef3d46a8bcf1a75b373be6539de198e9105cbbf9ce0"
dependencies = [
 "bytes",
 "itoa",
]

[[package]]
name = "httparse"
version = "1.10.1"
source = "registry+https://github.com/rust-lang/crates.io-index"
checksum = "6dbf3de79e51f3d586ab4cb9d5c3e2c14aa28ed23d180cf89b4df0454a69cc87"

[[package]]
name = "indexmap"
version = "2.14.2"
source = "registry+https://github.com/rust-lang/crates.io-index"
checksum = "cc4e190f5d26ca7051642629da2c52fc03bde85a03197c99408dcd291734c855"
dependencies = [
 "equivalent",
 "hashbrown 0.17.1",
 "serde",
 "serde_core",
]

[[package]]
name = "itertools"
version = "0.14.0"
source = "registry+https://github.com/rust-lang/crates.io-index"
checksum = "2b192c782037fadd9cfa75548310488aabdbf3d2da73885b31bd0abd03351285"
dependencies = [
 "either",
]

[[package]]
name = "itoa"
version = "1.0.18"
source = "registry+https://github.com/rust-lang/crates.io-index"
checksum = "8f42a60cbdf9a97f5d2305f08a87dc4e09308d1276d28c869c684d7777685682"

[[package]]
name = "leb128fmt"
version = "0.1.0"
source = "registry+https://github.com/rust-lang/crates.io-index"
checksum = "09edd9e8b54e49e587e4f6295a7d29c3ea94d469cb40ab8ca70b288248a81db2"

[[package]]
name = "libc"
version = "0.2.189"
source = "registry+https://github.com/rust-lang/crates.io-index"
checksum = "3eaf3ede3fee6db1a4c2ee091bf8a8b4dccdc6d17f656fb07896ee72867612f2"

[[package]]
name = "libm"
version = "0.2.16"
source = "registry+https://github.com/rust-lang/crates.io-index"
checksum = "b6d2cec3eae94f9f509c767b45932f1ada8350c4bdb85af2fcab4a3c14807981"

[[package]]
name = "linux-raw-sys"
version = "0.12.1"
source = "registry+https://github.com/rust-lang/crates.io-index"
checksum = "32a66949e030da00e8c7d4434b251670a91556f4144941d37452769c25d58a53"

[[package]]
name = "log"
version = "0.4.34"
source = "registry+https://github.com/rust-lang/crates.io-index"
checksum = "f9f8bd3e56ce4dfc153cf470fffbfa98c7620958b312ca5c3a4b8d5181fd13c6"

[[package]]
name = "mach2"
version = "0.4.3"
source = "registry+https://github.com/rust-lang/crates.io-index"
checksum = "d640282b302c0bb0a2a8e0233ead9035e3bed871f0b7e81fe4a1ec829765db44"
dependencies = [
 "libc",
]

[[package]]
name = "memchr"
version = "2.8.3"
source = "registry+https://github.com/rust-lang/crates.io-index"
checksum = "cf8baf1c55e62ffcace7a9f06f4bd9cd3f0c4beb022d3b367256b91b87513d98"

[[package]]
name = "memfd"
version = "0.6.6"
source = "registry+https://github.com/rust-lang/crates.io-index"
checksum = "57804b2c9b69967f1536a56f86297e367a33b19e98852ed624b84551cdbc0d90"
dependencies = [
 "rustix",
]

[[package]]
name = "object"
version = "0.36.7"
source = "registry+https://github.com/rust-lang/crates.io-index"
checksum = "62948e14d923ea95ea2c7c86c71013138b66525b86bdc08d2dcc262bdb497b87"
dependencies = [
 "crc32fast",
 "hashbrown 0.15.5",
 "indexmap",
 "memchr",
]

[[package]]
name = "object"
version = "0.39.1"
source = "registry+https://github.com/rust-lang/crates.io-index"
checksum = "2e5a6c098c7a3b6547378093f5cc30bc54fd361ce711e05293a5cc589562739b"
dependencies = [
 "memchr",
]

[[package]]
name = "once_cell"
version = "1.21.4"
source = "registry+https://github.com/rust-lang/crates.io-index"
checksum = "9f7c3e4beb33f85d45ae3e3a1792185706c8e16d043238c593331cc7cd313b50"

[[package]]
name = "percent-encoding"
version = "2.3.2"
source = "registry+https://github.com/rust-lang/crates.io-index"
checksum = "9b4f627cb1b25917193a259e49bdad08f671f8d9708acfd5fe0a8c1455d87220"

[[package]]
name = "postcard"
version = "1.1.3"
source = "registry+https://github.com/rust-lang/crates.io-index"
checksum = "6764c3b5dd454e283a30e6dfe78e9b31096d9e32036b5d1eaac7a6119ccb9a24"
dependencies = [
 "cobs",
 "embedded-io 0.4.0",
 "embedded-io 0.6.1",
 "serde",
]

[[package]]
name = "proc-macro2"
version = "1.0.107"
source = "registry+https://github.com/rust-lang/crates.io-index"
checksum = "985e7ec9bb745e6ce6535b544d84d6cd6f7ad8bd711c398938ae983b91a766d9"
dependencies = [
 "unicode-ident",
]

[[package]]
name = "psm"
version = "0.1.32"
source = "registry+https://github.com/rust-lang/crates.io-index"
checksum = "4dcd034599e63b970727f70d79e02d62390a4a84f7c6b827c27c46d5ac3fa622"
dependencies = [
 "ar_archive_writer",
 "cc",
]

[[package]]
name = "pulley-interpreter"
version = "34.0.2"
source = "registry+https://github.com/rust-lang/crates.io-index"
checksum = "be14280b69a9cbb6ada02a7aa5f7b3f1b72d1043b5bc9336990b700525dea6e3"
dependencies = [
 "cranelift-bitset",
 "log",
 "pulley-macros",
 "wasmtime-math",
]

[[package]]
name = "pulley-macros"
version = "34.0.2"
source = "registry+https://github.com/rust-lang/crates.io-index"
checksum = "076f1be746801280af4c96c4407b5fd1d09cfa53ab27ba0ac7dd8f207e7bbf83"
dependencies = [
 "proc-macro2",
 "quote",
 "syn 2.0.119",
]

[[package]]
name = "quote"
version = "1.0.47"
source = "registry+https://github.com/rust-lang/crates.io-index"
checksum = "1fbf4db142a473a8d80c26bbf18454ed458bf8d26c8219c331daecfdbd079001"
dependencies = [
 "proc-macro2",
]

[[package]]
name = "regalloc2"
version = "0.12.2"
source = "registry+https://github.com/rust-lang/crates.io-index"
checksum = "5216b1837de2149f8bc8e6d5f88a9326b63b8c836ed58ce4a0a29ec736a59734"
dependencies = [
 "allocator-api2",
 "bumpalo",
 "hashbrown 0.15.5",
 "log",
 "rustc-hash",
 "smallvec",
]

[[package]]
name = "regex"
version = "1.13.1"
source = "registry+https://github.com/rust-lang/crates.io-index"
checksum = "f020237b6c8eed93db2e2cb53c00c60a8e1bc73da7d073199a1180401450218d"
dependencies = [
 "aho-corasick",
 "memchr",
 "regex-automata",
 "regex-syntax",
]

[[package]]
name = "regex-automata"
version = "0.4.18"
source = "registry+https://github.com/rust-lang/crates.io-index"
checksum = "ad8553b9b26413251cbf30e620595c7a41b3887f03da04579c0e6b0d6a06b4b2"
dependencies = [
 "aho-corasick",
 "memchr",
 "regex-syntax",
]

[[package]]
name = "regex-syntax"
version = "0.8.11"
source = "registry+https://github.com/rust-lang/crates.io-index"
checksum = "d6f6ff9a378485b298a5286656da665ba74413d36db0979633275d2e708145d4"

[[package]]
name = "ring"
version = "0.17.14"
source = "registry+https://github.com/rust-lang/crates.io-index"
checksum = "a4689e6c2294d81e88dc6261c768b63bc4fcdb852be6d1352498b114f61383b7"
dependencies = [
 "cc",
 "cfg-if",
 "getrandom",
 "libc",
 "untrusted",
 "windows-sys 0.52.0",
]

[[package]]
name = "rustc-hash"
version = "2.1.3"
source = "registry+https://github.com/rust-lang/crates.io-index"
checksum = "6b1e7f9a428571be2dc5bc0505c13fb6bf936822b894ec87abf8a08a4e51742d"

[[package]]
name = "rustix"
version = "1.1.5"
source = "registry+https://github.com/rust-lang/crates.io-index"
checksum = "891efababe418670775f199f0d233d84843c227a0949a883ce15b37c78d6629d"
dependencies = [
 "bitflags",
 "errno",
 "libc",
 "linux-raw-sys",
 "windows-sys 0.59.0",
]

[[package]]
name = "rustls"
version = "0.23.45"
source = "registry+https://github.com/rust-lang/crates.io-index"
checksum = "0d41d731c7d2f962d1ccc364cec258de3c0e93b38c2fb3ba97ac74513048d634"
dependencies = [
 "log",
 "once_cell",
 "ring",
 "rustls-pki-types",
 "rustls-webpki",
 "subtle",
 "zeroize",
]

[[package]]
name = "rustls-pki-types"
version = "1.15.1"
source = "registry+https://github.com/rust-lang/crates.io-index"
checksum = "2f4925028c7eb5d1fcdaf196971378ed9d2c1c4efc7dc5d011256f76c99c0a96"
dependencies = [
 "zeroize",
]

[[package]]
name = "rustls-webpki"
version = "0.103.15"
source = "registry+https://github.com/rust-lang/crates.io-index"
checksum = "f3c3cf1d8b1e7d4927e2d154c3fcb02979afb9939629c62cd9048d4f07b60ac2"
dependencies = [
 "ring",
 "rustls-pki-types",
 "untrusted",
]

[[package]]
name = "semver"
version = "1.0.28"
source = "registry+https://github.com/rust-lang/crates.io-index"
checksum = "8a7852d02fc848982e0c167ef163aaff9cd91dc640ba85e263cb1ce46fae51cd"

[[package]]
name = "serde"
version = "1.0.229"
source = "registry+https://github.com/rust-lang/crates.io-index"
checksum = "4148590afebada386688f18773da617792bf2ef03ffc1e4cbd2b1d45b023e0ba"
dependencies = [
 "serde_core",
 "serde_derive",
]

[[package]]
name = "serde_core"
version = "1.0.229"
source = "registry+https://github.com/rust-lang/crates.io-index"
checksum = "67dca2c9c51e58a4791a4b1ed58308b39c64224d349a935ab5039aa360942a48"
dependencies = [
 "serde_derive",
]

[[package]]
name = "serde_derive"
version = "1.0.229"
source = "registry+https://github.com/rust-lang/crates.io-index"
checksum = "e7a5d71263a5a7d47b41f6b3f06ba276f10cc18b0931f1799f710578e2309348"
dependencies = [
 "proc-macro2",
 "quote",
 "syn 3.0.5",
]

[[package]]
name = "serde_json"
version = "1.0.151"
source = "registry+https://github.com/rust-lang/crates.io-index"
checksum = "c841b55ecdae098c80dcae9cf767f6f8a0c2cdb3416bbef72181df4d0fe73f14"
dependencies = [
 "itoa",
 "memchr",
 "serde",
 "serde_core",
 "zmij",
]

[[package]]
name = "serde_spanned"
version = "0.6.9"
source = "registry+https://github.com/rust-lang/crates.io-index"
checksum = "bf41e0cfaf7226dca15e8197172c295a782857fcb97fad1808a166870dee75a3"
dependencies = [
 "serde",
]

[[package]]
name = "sha2"
version = "0.10.9"
source = "registry+https://github.com/rust-lang/crates.io-index"
checksum = "a7507d819769d01a365ab707794a4084392c824f54a7a6a7862f8c3d0892b283"
dependencies = [
 "cfg-if",
 "cpufeatures",
 "digest",
]

[[package]]
name = "shlex"
version = "2.0.1"
source = "registry+https://github.com/rust-lang/crates.io-index"
checksum = "f8fadd59c855ef2080decdef8ff161eb6661b86933c9d82e5ba29dc602a55aba"

[[package]]
name = "smallvec"
version = "1.16.2"
source = "registry+https://github.com/rust-lang/crates.io-index"
checksum = "f9395f0f0eee849a9b707b2f06bb92a6a422090e2123bb2ef8e87a0e61892a8e"
dependencies = [
 "serde",
]

[[package]]
name = "stable_deref_trait"
version = "1.2.1"
source = "registry+https://github.com/rust-lang/crates.io-index"
checksum = "6ce2be8dc25455e1f91df71bfa12ad37d7af1092ae736f3a6cd0e37bc7810596"

[[package]]
name = "subtle"
version = "2.6.1"
source = "registry+https://github.com/rust-lang/crates.io-index"
checksum = "13c2bddecc57b384dee18652358fb23172facb8a2c51ccc10d74c157bdea3292"

[[package]]
name = "syn"
version = "2.0.119"
source = "registry+https://github.com/rust-lang/crates.io-index"
checksum = "872831b642d1a07999a962a351ed35b955ea2cfc8f3862091e2a240a84f17297"
dependencies = [
 "proc-macro2",
 "quote",
 "unicode-ident",
]

[[package]]
name = "syn"
version = "3.0.5"
source = "registry+https://github.com/rust-lang/crates.io-index"
checksum = "12df2e0110f65b775f769bb17ef989067a1d931b2eb822bd4346631eeada89f9"
dependencies = [
 "proc-macro2",
 "quote",
 "unicode-ident",
]

[[package]]
name = "target-lexicon"
version = "0.13.5"
source = "registry+https://github.com/rust-lang/crates.io-index"
checksum = "adb6935a6f5c20170eeceb1a3835a49e12e19d792f6dd344ccc76a985ca5a6ca"

[[package]]
name = "termcolor"
version = "1.4.1"
source = "registry+https://github.com/rust-lang/crates.io-index"
checksum = "06794f8f6c5c898b3275aebefa6b8a1cb24cd2c6c79397ab15774837a0bc5755"
dependencies = [
 "winapi-util",
]

[[package]]
name = "thiserror"
version = "2.0.21"
source = "registry+https://github.com/rust-lang/crates.io-index"
checksum = "09e52cb86a36cede5cb101bf8908837b3e4c6e5e59fe7fd85c23fb56200d189e"
dependencies = [
 "thiserror-impl",
]

[[package]]
name = "thiserror-impl"
version = "2.0.21"
source = "registry+https://github.com/rust-lang/crates.io-index"
checksum = "fe5197923287db20a58125f0bc85c062f7f2c892de97b18c356f9efb14b28524"
dependencies = [
 "proc-macro2",
 "quote",
 "syn 3.0.5",
]

[[package]]
name = "tinyvec"
version = "1.13.3"
source = "registry+https://github.com/rust-lang/crates.io-index"
checksum = "fd3ca314f692efd6c868f8408f53fe444634a845f96c028b97d35f6a1f79f0ee"

[[package]]
name = "toml"
version = "0.8.23"
source = "registry+https://github.com/rust-lang/crates.io-index"
checksum = "dc1beb996b9d83529a9e75c17a1686767d148d70663143c7854d8b4a09ced362"
dependencies = [
 "serde",
 "serde_spanned",
 "toml_datetime",
 "toml_edit",
]

[[package]]
name = "toml_datetime"
version = "0.6.11"
source = "registry+https://github.com/rust-lang/crates.io-index"
checksum = "22cddaf88f4fbc13c51aebbf5f8eceb5c7c5a9da2ac40a13519eb5b0a0e8f11c"
dependencies = [
 "serde",
]

[[package]]
name = "toml_edit"
version = "0.22.27"
source = "registry+https://github.com/rust-lang/crates.io-index"
checksum = "41fe8c660ae4257887cf66394862d21dbca4a6ddd26f04a3560410406a2f819a"
dependencies = [
 "indexmap",
 "serde",
 "serde_spanned",
 "toml_datetime",
 "toml_write",
 "winnow",
]

[[package]]
name = "toml_write"
version = "0.1.2"
source = "registry+https://github.com/rust-lang/crates.io-index"
checksum = "5d99f8c9a7727884afe522e9bd5edbfc91a3312b36a77b5fb8926e4c31a41801"

[[package]]
name = "typenum"
version = "1.20.1"
source = "registry+https://github.com/rust-lang/crates.io-index"
checksum = "b6f5e870be6c3b371b77fe0ee0bafb859fa4964b4404c27de1d380043c4dda20"

[[package]]
name = "unicode-ident"
version = "1.0.24"
source = "registry+https://github.com/rust-lang/crates.io-index"
checksum = "e6e4313cd5fcd3dad5cafa179702e2b244f760991f45397d14d4ebf38247da75"

[[package]]
name = "unicode-normalization"
version = "0.1.25"
source = "registry+https://github.com/rust-lang/crates.io-index"
checksum = "5fd4f6878c9cb28d874b009da9e8d183b5abc80117c40bbd187a1fde336be6e8"
dependencies = [
 "tinyvec",
]

[[package]]
name = "unicode-segmentation"
version = "1.13.3"
source = "registry+https://github.com/rust-lang/crates.io-index"
checksum = "c6f5d3c3b1bf09027a88a6bc961fc00497d651009560b5463668dc81b0fa87a8"

[[package]]
name = "untrusted"
version = "0.9.0"
source = "registry+https://github.com/rust-lang/crates.io-index"
checksum = "8ecb6da28b8a351d773b68d5825ac39017e680750f980f3a1a85cd8dd28a47c1"

[[package]]
name = "ureq"
version = "3.4.2"
source = "registry+https://github.com/rust-lang/crates.io-index"
checksum = "9a7ac20be9b7726e0bbdbf974c059676d9acb1cd414961f570a4e8231cacd7fc"
dependencies = [
 "base64",
 "log",
 "percent-encoding",
 "rustls",
 "rustls-pki-types",
 "ureq-proto",
 "utf8-zero",
 "webpki-roots",
]

[[package]]
name = "ureq-proto"
version = "0.6.4"
source = "registry+https://github.com/rust-lang/crates.io-index"
checksum = "f86fd172ccca569e458f61b6bdd6220965a9ef36e672a6852953b51a0e1583be"
dependencies = [
 "base64",
 "http",
 "httparse",
 "log",
]

[[package]]
name = "utf8-zero"
version = "0.8.1"
source = "registry+https://github.com/rust-lang/crates.io-index"
checksum = "b8c0a043c9540bae7c578c88f91dda8bd82e59ae27c21baca69c8b191aaf5a6e"

[[package]]
name = "version_check"
version = "0.9.5"
source = "registry+https://github.com/rust-lang/crates.io-index"
checksum = "0b928f33d975fc6ad9f86c8f283853ad26bdd5b10b7f1542aa2fa15e2289105a"

[[package]]
name = "wasi"
version = "0.11.1+wasi-snapshot-preview1"
source = "registry+https://github.com/rust-lang/crates.io-index"
checksum = "ccf3ec651a847eb01de73ccad15eb7d99f80485de043efb2f370cd654f4ea44b"

[[package]]
name = "wasm-encoder"
version = "0.233.0"
source = "registry+https://github.com/rust-lang/crates.io-index"
checksum = "9679ae3cf7cfa2ca3a327f7fab97f27f3294d402fd1a76ca8ab514e17973e4d3"
dependencies = [
 "leb128fmt",
 "wasmparser 0.233.0",
]

[[package]]
name = "wasm-encoder"
version = "0.258.0"
source = "registry+https://github.com/rust-lang/crates.io-index"
checksum = "e974fe6821a8cf64575d51ea2194e2c8f77e7b66e9afe7419ce8a97f9ee0d251"
dependencies = [
 "leb128fmt",
 "wasmparser 0.258.0",
]

[[package]]
name = "wasmparser"
version = "0.233.0"
source = "registry+https://github.com/rust-lang/crates.io-index"
checksum = "b51cb03afce7964bbfce46602d6cb358726f36430b6ba084ac6020d8ce5bc102"
dependencies = [
 "bitflags",
 "hashbrown 0.15.5",
 "indexmap",
 "semver",
 "serde",
]

[[package]]
name = "wasmparser"
version = "0.258.0"
source = "registry+https://github.com/rust-lang/crates.io-index"
checksum = "d9a61719f93a87b16d325921e251800c4833f8fab50fa21c7de73aed50086313"
dependencies = [
 "bitflags",
 "indexmap",
]

[[package]]
name = "wasmparser"
version = "0.259.0"
source = "registry+https://github.com/rust-lang/crates.io-index"
checksum = "0f7c12eac7bb587801590f6a67ff0bc84d0748513864b71108e4b311cc3df694"
dependencies = [
 "bitflags",
 "indexmap",
 "semver",
]

[[package]]
name = "wasmprinter"
version = "0.233.0"
source = "registry+https://github.com/rust-lang/crates.io-index"
checksum = "abf8e5b732895c99b21aa615f1b73352e51bbe2b2cb6c87eae7f990d07c1ac18"
dependencies = [
 "anyhow",
 "termcolor",
 "wasmparser 0.233.0",
]

[[package]]
name = "wasmprinter"
version = "0.259.0"
source = "registry+https://github.com/rust-lang/crates.io-index"
checksum = "0510ce2ff0ad7c5510ad3dfcb2cedba4cf5d9f7e08d1d06e4d8cf8e5638aef95"
dependencies = [
 "anyhow",
 "termcolor",
 "wasmparser 0.259.0",
]

[[package]]
name = "wasmtime"
version = "34.0.2"
source = "registry+https://github.com/rust-lang/crates.io-index"
checksum = "ec10e50038f22ab407fdd8708120b8feed3450a02618efcf26ca47e82122927d"
dependencies = [
 "addr2line",
 "anyhow",
 "bitflags",
 "bumpalo",
 "cc",
 "cfg-if",
 "hashbrown 0.15.5",
 "indexmap",
 "libc",
 "log",
 "mach2",
 "memfd",
 "object 0.36.7",
 "once_cell",
 "postcard",
 "psm",
 "pulley-interpreter",
 "rustix",
 "serde",
 "serde_derive",
 "smallvec",
 "target-lexicon",
 "wasmparser 0.233.0",
 "wasmtime-asm-macros",
 "wasmtime-cranelift",
 "wasmtime-environ",
 "wasmtime-fiber",
 "wasmtime-jit-icache-coherence",
 "wasmtime-math",
 "wasmtime-slab",
 "wasmtime-versioned-export-macros",
 "windows-sys 0.59.0",
]

[[package]]
name = "wasmtime-asm-macros"
version = "34.0.2"
source = "registry+https://github.com/rust-lang/crates.io-index"
checksum = "4d379cda46d6fd18619e282a75fbb09b70b3d0f166b605f45b4059dfaf9dc6ce"
dependencies = [
 "cfg-if",
]

[[package]]
name = "wasmtime-cranelift"
version = "34.0.2"
source = "registry+https://github.com/rust-lang/crates.io-index"
checksum = "15aa836683d7398f13f2f26bbe74c404ceaba66b6bbb96700d6b7f91bec90e03"
dependencies = [
 "anyhow",
 "cfg-if",
 "cranelift-codegen",
 "cranelift-control",
 "cranelift-entity",
 "cranelift-frontend",
 "cranelift-native",
 "gimli",
 "itertools",
 "log",
 "object 0.36.7",
 "pulley-interpreter",
 "smallvec",
 "target-lexicon",
 "thiserror",
 "wasmparser 0.233.0",
 "wasmtime-environ",
 "wasmtime-math",
 "wasmtime-versioned-export-macros",
]

[[package]]
name = "wasmtime-environ"
version = "34.0.2"
source = "registry+https://github.com/rust-lang/crates.io-index"
checksum = "317081a0cbbb1f749d348b262575608fc082d47ab11b6247bbe9163eeb955777"
dependencies = [
 "anyhow",
 "cranelift-bitset",
 "cranelift-entity",
 "gimli",
 "indexmap",
 "log",
 "object 0.36.7",
 "postcard",
 "serde",
 "serde_derive",
 "smallvec",
 "target-lexicon",
 "wasm-encoder 0.233.0",
 "wasmparser 0.233.0",
 "wasmprinter 0.233.0",
]

[[package]]
name = "wasmtime-fiber"
version = "34.0.2"
source = "registry+https://github.com/rust-lang/crates.io-index"
checksum = "6763b33eceefc443f6477d84dc8751df5f23d280d7e01f28339fa3ec4b00ff13"
dependencies = [
 "anyhow",
 "cc",
 "cfg-if",
 "libc",
 "rustix",
 "wasmtime-asm-macros",
 "wasmtime-versioned-export-macros",
 "windows-sys 0.59.0",
]

[[package]]
name = "wasmtime-jit-icache-coherence"
version = "34.0.2"
source = "registry+https://github.com/rust-lang/crates.io-index"
checksum = "8ea6b740d1a35f2cebfe88e013ac8a4a84ff8dabc3a392df920abf554e871cf2"
dependencies = [
 "anyhow",
 "cfg-if",
 "libc",
 "windows-sys 0.59.0",
]

[[package]]
name = "wasmtime-math"
version = "34.0.2"
source = "registry+https://github.com/rust-lang/crates.io-index"
checksum = "62fa317691aedc64aae3a86b3d786e4b2b0007bc0b56e0b6098b8b5a85ab2134"
dependencies = [
 "libm",
]

[[package]]
name = "wasmtime-slab"
version = "34.0.2"
source = "registry+https://github.com/rust-lang/crates.io-index"
checksum = "60a06819d24370273021054b50589e3078e7f5cfac15515e58b3fbbebf5e5b39"

[[package]]
name = "wasmtime-versioned-export-macros"
version = "34.0.2"
source = "registry+https://github.com/rust-lang/crates.io-index"
checksum = "9ca100ed168ffc9b37aefc07a5be440645eab612a2ff6e2ff884e8cc3740e666"
dependencies = [
 "proc-macro2",
 "quote",
 "syn 2.0.119",
]

[[package]]
name = "webpki-roots"
version = "1.0.9"
source = "registry+https://github.com/rust-lang/crates.io-index"
checksum = "7dcd9d09a39985f5344844e66b0c530a33843579125f23e21e9f0f220850f22a"
dependencies = [
 "rustls-pki-types",
]

[[package]]
name = "winapi-util"
version = "0.1.11"
source = "registry+https://github.com/rust-lang/crates.io-index"
checksum = "c2a7b1c03c876122aa43f3020e6c3c3ee5c05081c9a00739faf7503aeba10d22"
dependencies = [
 "windows-sys 0.59.0",
]

[[package]]
name = "windows-sys"
version = "0.52.0"
source = "registry+https://github.com/rust-lang/crates.io-index"
checksum = "282be5f36a8ce781fad8c8ae18fa3f9beff57ec1b52cb3de0789201425d9a33d"
dependencies = [
 "windows-targets",
]

[[package]]
name = "windows-sys"
version = "0.59.0"
source = "registry+https://github.com/rust-lang/crates.io-index"
checksum = "1e38bc4d79ed67fd075bcc251a1c39b32a1776bbe92e5bef1f0bf1f8c531853b"
dependencies = [
 "windows-targets",
]

[[package]]
name = "windows-targets"
version = "0.52.6"
source = "registry+https://github.com/rust-lang/crates.io-index"
checksum = "9b724f72796e036ab90c1021d4780d4d3d648aca59e491e6b98e725b84e99973"
dependencies = [
 "windows_aarch64_gnullvm",
 "windows_aarch64_msvc",
 "windows_i686_gnu",
 "windows_i686_gnullvm",
 "windows_i686_msvc",
 "windows_x86_64_gnu",
 "windows_x86_64_gnullvm",
 "windows_x86_64_msvc",
]

[[package]]
name = "windows_aarch64_gnullvm"
version = "0.52.6"
source = "registry+https://github.com/rust-lang/crates.io-index"
checksum = "32a4622180e7a0ec044bb555404c800bc9fd9ec262ec147edd5989ccd0c02cd3"

[[package]]
name = "windows_aarch64_msvc"
version = "0.52.6"
source = "registry+https://github.com/rust-lang/crates.io-index"
checksum = "09ec2a7bb152e2252b53fa7803150007879548bc709c039df7627cabbd05d469"

[[package]]
name = "windows_i686_gnu"
version = "0.52.6"
source = "registry+https://github.com/rust-lang/crates.io-index"
checksum = "8e9b5ad5ab802e97eb8e295ac6720e509ee4c243f69d781394014ebfe8bbfa0b"

[[package]]
name = "windows_i686_gnullvm"
version = "0.52.6"
source = "registry+https://github.com/rust-lang/crates.io-index"
checksum = "0eee52d38c090b3caa76c563b86c3a4bd71ef1a819287c19d586d7334ae8ed66"

[[package]]
name = "windows_i686_msvc"
version = "0.52.6"
source = "registry+https://github.com/rust-lang/crates.io-index"
checksum = "240948bc05c5e7c6dabba28bf89d89ffce3e303022809e73deaefe4f6ec56c66"

[[package]]
name = "windows_x86_64_gnu"
version = "0.52.6"
source = "registry+https://github.com/rust-lang/crates.io-index"
checksum = "147a5c80aabfbf0c7d901cb5895d1de30ef2907eb21fbbab29ca94c5b08b1a78"

[[package]]
name = "windows_x86_64_gnullvm"
version = "0.52.6"
source = "registry+https://github.com/rust-lang/crates.io-index"
checksum = "24d5b23dc417412679681396f2b49f3de8c1473deb516bd34410872eff51ed0d"

[[package]]
name = "windows_x86_64_msvc"
version = "0.52.6"
source = "registry+https://github.com/rust-lang/crates.io-index"
checksum = "589f6da84c646204747d1270a2a5661ea66ed1cced2631d546fdfb155959f9ec"

[[package]]
name = "winnow"
version = "0.7.15"
source = "registry+https://github.com/rust-lang/crates.io-index"
checksum = "df79d97927682d2fd8adb29682d1140b343be4ac0f08fd68b7765d9c059d3945"
dependencies = [
 "memchr",
]

[[package]]
name = "zeroize"
version = "1.9.0"
source = "registry+https://github.com/rust-lang/crates.io-index"
checksum = "e13c156562582aa81c60cb29407084cdb54c4164760106ab78e6c5b0858cf64e"

[[package]]
name = "zmij"
version = "1.0.23"
source = "registry+https://github.com/rust-lang/crates.io-index"
checksum = "29666d0abbfad1e3dc4dcf6144730dd3a3ab225bbbdac83319345b1b44ccfc1b"
